// !$*UTF8*$!
{
	archiveVersion = 1;
	classes = {
	};
	objectVersion = 77;
	objects = {

/* Begin PBXBuildFile section */
		D1D1D1D1D1D1D1D1D1D10061 /* Day1WidgetExtension.appex in Embed Foundation Extensions */ = {isa = PBXBuildFile; fileRef = D1D1D1D1D1D1D1D1D1D10012 /* Day1WidgetExtension.appex */; settings = {ATTRIBUTES = (RemoveHeadersOnCopy, ); }; };
		D1D1D1D1D1D1D1D1D1D10062 /* RoutineCore in Frameworks */ = {isa = PBXBuildFile; productRef = D1D1D1D1D1D1D1D1D1D10082 /* RoutineCore */; };
		D1D1D1D1D1D1D1D1D1D10063 /* RoutineCore in Frameworks */ = {isa = PBXBuildFile; productRef = D1D1D1D1D1D1D1D1D1D10083 /* RoutineCore */; };
/* End PBXBuildFile section */

/* Begin PBXContainerItemProxy section */
		D1D1D1D1D1D1D1D1D1D10072 /* PBXContainerItemProxy */ = {
			isa = PBXContainerItemProxy;
			containerPortal = D1D1D1D1D1D1D1D1D1D10001 /* Project object */;
			proxyType = 1;
			remoteGlobalIDString = D1D1D1D1D1D1D1D1D1D10022;
			remoteInfo = Day1WidgetExtension;
		};
/* End PBXContainerItemProxy section */

/* Begin PBXCopyFilesBuildPhase section */
		D1D1D1D1D1D1D1D1D1D10054 /* Embed Foundation Extensions */ = {
			isa = PBXCopyFilesBuildPhase;
			buildActionMask = 2147483647;
			dstPath = "";
			dstSubfolderSpec = 13;
			files = (
				D1D1D1D1D1D1D1D1D1D10061 /* Day1WidgetExtension.appex in Embed Foundation Extensions */,
			);
			name = "Embed Foundation Extensions";
			runOnlyForDeploymentPostprocessing = 0;
		};
/* End PBXCopyFilesBuildPhase section */

/* Begin PBXFileReference section */
		D1D1D1D1D1D1D1D1D1D10011 /* Day1.app */ = {isa = PBXFileReference; explicitFileType = wrapper.application; includeInIndex = 0; path = Day1.app; sourceTree = BUILT_PRODUCTS_DIR; };
		D1D1D1D1D1D1D1D1D1D10012 /* Day1WidgetExtension.appex */ = {isa = PBXFileReference; explicitFileType = "wrapper.app-extension"; includeInIndex = 0; path = Day1WidgetExtension.appex; sourceTree = BUILT_PRODUCTS_DIR; };
/* End PBXFileReference section */

/* Begin PBXFileSystemSynchronizedBuildFileExceptionSet section */
		D1D1D1D1D1D1D1D1D1D10006 /* Exceptions for "Day1" folder in "Day1" target */ = {
			isa = PBXFileSystemSynchronizedBuildFileExceptionSet;
			membershipExceptions = (
				Day1.entitlements,
			);
			target = D1D1D1D1D1D1D1D1D1D10021 /* Day1 */;
		};
		D1D1D1D1D1D1D1D1D1D10007 /* Exceptions for "Day1Widget" folder in "Day1WidgetExtension" target */ = {
			isa = PBXFileSystemSynchronizedBuildFileExceptionSet;
			membershipExceptions = (
				Day1Widget.entitlements,
				Info.plist,
			);
			target = D1D1D1D1D1D1D1D1D1D10022 /* Day1WidgetExtension */;
		};
/* End PBXFileSystemSynchronizedBuildFileExceptionSet section */

/* Begin PBXFileSystemSynchronizedRootGroup section */
		D1D1D1D1D1D1D1D1D1D10004 /* Day1 */ = {
			isa = PBXFileSystemSynchronizedRootGroup;
			exceptions = (
				D1D1D1D1D1D1D1D1D1D10006 /* Exceptions for "Day1" folder in "Day1" target */,
			);
			path = Day1;
			sourceTree = "<group>";
		};
		D1D1D1D1D1D1D1D1D1D10005 /* Day1Widget */ = {
			isa = PBXFileSystemSynchronizedRootGroup;
			exceptions = (
				D1D1D1D1D1D1D1D1D1D10007 /* Exceptions for "Day1Widget" folder in "Day1WidgetExtension" target */,
			);
			path = Day1Widget;
			sourceTree = "<group>";
		};
/* End PBXFileSystemSynchronizedRootGroup section */

/* Begin PBXFrameworksBuildPhase section */
		D1D1D1D1D1D1D1D1D1D10052 /* Frameworks */ = {
			isa = PBXFrameworksBuildPhase;
			buildActionMask = 2147483647;
			files = (
				D1D1D1D1D1D1D1D1D1D10062 /* RoutineCore in Frameworks */,
			);
			runOnlyForDeploymentPostprocessing = 0;
		};
		D1D1D1D1D1D1D1D1D1D10056 /* Frameworks */ = {
			isa = PBXFrameworksBuildPhase;
			buildActionMask = 2147483647;
			files = (
				D1D1D1D1D1D1D1D1D1D10063 /* RoutineCore in Frameworks */,
			);
			runOnlyForDeploymentPostprocessing = 0;
		};
/* End PBXFrameworksBuildPhase section */

/* Begin PBXGroup section */
		D1D1D1D1D1D1D1D1D1D10002 = {
			isa = PBXGroup;
			children = (
				D1D1D1D1D1D1D1D1D1D10004 /* Day1 */,
				D1D1D1D1D1D1D1D1D1D10005 /* Day1Widget */,
				D1D1D1D1D1D1D1D1D1D10003 /* Products */,
			);
			sourceTree = "<group>";
		};
		D1D1D1D1D1D1D1D1D1D10003 /* Products */ = {
			isa = PBXGroup;
			children = (
				D1D1D1D1D1D1D1D1D1D10011 /* Day1.app */,
				D1D1D1D1D1D1D1D1D1D10012 /* Day1WidgetExtension.appex */,
			);
			name = Products;
			sourceTree = "<group>";
		};
/* End PBXGroup section */

/* Begin PBXNativeTarget section */
		D1D1D1D1D1D1D1D1D1D10021 /* Day1 */ = {
			isa = PBXNativeTarget;
			buildConfigurationList = D1D1D1D1D1D1D1D1D1D10032 /* Build configuration list for PBXNativeTarget "Day1" */;
			buildPhases = (
				D1D1D1D1D1D1D1D1D1D10051 /* Sources */,
				D1D1D1D1D1D1D1D1D1D10052 /* Frameworks */,
				D1D1D1D1D1D1D1D1D1D10053 /* Resources */,
				D1D1D1D1D1D1D1D1D1D10054 /* Embed Foundation Extensions */,
			);
			buildRules = (
			);
			dependencies = (
				D1D1D1D1D1D1D1D1D1D10071 /* PBXTargetDependency */,
			);
			fileSystemSynchronizedGroups = (
				D1D1D1D1D1D1D1D1D1D10004 /* Day1 */,
			);
			name = Day1;
			packageProductDependencies = (
				D1D1D1D1D1D1D1D1D1D10082 /* RoutineCore */,
			);
			productName = Day1;
			productReference = D1D1D1D1D1D1D1D1D1D10011 /* Day1.app */;
			productType = "com.apple.product-type.application";
		};
		D1D1D1D1D1D1D1D1D1D10022 /* Day1WidgetExtension */ = {
			isa = PBXNativeTarget;
			buildConfigurationList = D1D1D1D1D1D1D1D1D1D10033 /* Build configuration list for PBXNativeTarget "Day1WidgetExtension" */;
			buildPhases = (
				D1D1D1D1D1D1D1D1D1D10055 /* Sources */,
				D1D1D1D1D1D1D1D1D1D10056 /* Frameworks */,
				D1D1D1D1D1D1D1D1D1D10057 /* Resources */,
			);
			buildRules = (
			);
			dependencies = (
			);
			fileSystemSynchronizedGroups = (
				D1D1D1D1D1D1D1D1D1D10005 /* Day1Widget */,
			);
			name = Day1WidgetExtension;
			packageProductDependencies = (
				D1D1D1D1D1D1D1D1D1D10083 /* RoutineCore */,
			);
			productName = Day1WidgetExtension;
			productReference = D1D1D1D1D1D1D1D1D1D10012 /* Day1WidgetExtension.appex */;
			productType = "com.apple.product-type.app-extension";
		};
/* End PBXNativeTarget section */

/* Begin PBXProject section */
		D1D1D1D1D1D1D1D1D1D10001 /* Project object */ = {
			isa = PBXProject;
			attributes = {
				BuildIndependentTargetsInParallel = 1;
				LastSwiftUpdateCheck = 2600;
				LastUpgradeCheck = 2600;
				TargetAttributes = {
					D1D1D1D1D1D1D1D1D1D10021 = {
						CreatedOnToolsVersion = 26.0;
					};
					D1D1D1D1D1D1D1D1D1D10022 = {
						CreatedOnToolsVersion = 26.0;
					};
				};
			};
			buildConfigurationList = D1D1D1D1D1D1D1D1D1D10031 /* Build configuration list for PBXProject "Day1" */;
			developmentRegion = en;
			hasScannedForEncodings = 0;
			knownRegions = (
				en,
				Base,
			);
			mainGroup = D1D1D1D1D1D1D1D1D1D10002;
			minimizedProjectReferenceProxies = 1;
			packageReferences = (
				D1D1D1D1D1D1D1D1D1D10081 /* XCLocalSwiftPackageReference "RoutineCore" */,
			);
			preferredProjectObjectVersion = 77;
			productRefGroup = D1D1D1D1D1D1D1D1D1D10003 /* Products */;
			projectDirPath = "";
			projectRoot = "";
			targets = (
				D1D1D1D1D1D1D1D1D1D10021 /* Day1 */,
				D1D1D1D1D1D1D1D1D1D10022 /* Day1WidgetExtension */,
			);
		};
/* End PBXProject section */

/* Begin PBXResourcesBuildPhase section */
		D1D1D1D1D1D1D1D1D1D10053 /* Resources */ = {
			isa = PBXResourcesBuildPhase;
			buildActionMask = 2147483647;
			files = (
			);
			runOnlyForDeploymentPostprocessing = 0;
		};
		D1D1D1D1D1D1D1D1D1D10057 /* Resources */ = {
			isa = PBXResourcesBuildPhase;
			buildActionMask = 2147483647;
			files = (
			);
			runOnlyForDeploymentPostprocessing = 0;
		};
/* End PBXResourcesBuildPhase section */

/* Begin PBXSourcesBuildPhase section */
		D1D1D1D1D1D1D1D1D1D10051 /* Sources */ = {
			isa = PBXSourcesBuildPhase;
			buildActionMask = 2147483647;
			files = (
			);
			runOnlyForDeploymentPostprocessing = 0;
		};
		D1D1D1D1D1D1D1D1D1D10055 /* Sources */ = {
			isa = PBXSourcesBuildPhase;
			buildActionMask = 2147483647;
			files = (
			);
			runOnlyForDeploymentPostprocessing = 0;
		};
/* End PBXSourcesBuildPhase section */

/* Begin PBXTargetDependency section */
		D1D1D1D1D1D1D1D1D1D10071 /* PBXTargetDependency */ = {
			isa = PBXTargetDependency;
			target = D1D1D1D1D1D1D1D1D1D10022 /* Day1WidgetExtension */;
			targetProxy = D1D1D1D1D1D1D1D1D1D10072 /* PBXContainerItemProxy */;
		};
/* End PBXTargetDependency section */

/* Begin XCBuildConfiguration section */
		D1D1D1D1D1D1D1D1D1D10041 /* Debug */ = {
			isa = XCBuildConfiguration;
			buildSettings = {
				ALWAYS_SEARCH_USER_PATHS = NO;
				ASSETCATALOG_COMPILER_GENERATE_SWIFT_ASSET_SYMBOL_EXTENSIONS = YES;
				CLANG_ANALYZER_NONNULL = YES;
				CLANG_ANALYZER_NUMBER_OBJECT_CONVERSION = YES_AGGRESSIVE;
				CLANG_CXX_LANGUAGE_STANDARD = "gnu++20";
				CLANG_ENABLE_MODULES = YES;
				CLANG_ENABLE_OBJC_ARC = YES;
				CLANG_ENABLE_OBJC_WEAK = YES;
				CLANG_WARN_BLOCK_CAPTURE_AUTORELEASING = YES;
				CLANG_WARN_BOOL_CONVERSION = YES;
				CLANG_WARN_COMMA = YES;
				CLANG_WARN_CONSTANT_CONVERSION = YES;
				CLANG_WARN_DEPRECATED_OBJC_IMPLEMENTATIONS = YES;
				CLANG_WARN_DIRECT_OBJC_ISA_USAGE = YES_ERROR;
				CLANG_WARN_DOCUMENTATION_COMMENTS = YES;
				CLANG_WARN_EMPTY_BODY = YES;
				CLANG_WARN_ENUM_CONVERSION = YES;
				CLANG_WARN_INFINITE_RECURSION = YES;
				CLANG_WARN_INT_CONVERSION = YES;
				CLANG_WARN_NON_LITERAL_NULL_CONVERSION = YES;
				CLANG_WARN_OBJC_IMPLICIT_RETAIN_SELF = YES;
				CLANG_WARN_OBJC_LITERAL_CONVERSION = YES;
				CLANG_WARN_OBJC_ROOT_CLASS = YES_ERROR;
				CLANG_WARN_QUOTED_INCLUDE_IN_FRAMEWORK_HEADER = YES;
				CLANG_WARN_RANGE_LOOP_ANALYSIS = YES;
				CLANG_WARN_STRICT_PROTOTYPES = YES;
				CLANG_WARN_SUSPICIOUS_MOVE = YES;
				CLANG_WARN_UNGUARDED_AVAILABILITY = YES_AGGRESSIVE;
				CLANG_WARN_UNREACHABLE_CODE = YES;
				CLANG_WARN__DUPLICATE_METHOD_MATCH = YES;
				CODE_SIGN_STYLE = Automatic;
				COPY_PHASE_STRIP = NO;
				DEBUG_INFORMATION_FORMAT = dwarf;
				DEVELOPMENT_TEAM = "";
				ENABLE_STRICT_OBJC_MSGSEND = YES;
				ENABLE_TESTABILITY = YES;
				ENABLE_USER_SCRIPT_SANDBOXING = YES;
				GCC_C_LANGUAGE_STANDARD = gnu17;
				GCC_DYNAMIC_NO_PIC = NO;
				GCC_NO_COMMON_BLOCKS = YES;
				GCC_OPTIMIZATION_LEVEL = 0;
				GCC_PREPROCESSOR_DEFINITIONS = (
					"DEBUG=1",
					"$(inherited)",
				);
				GCC_WARN_64_TO_32_BIT_CONVERSION = YES;
				GCC_WARN_ABOUT_RETURN_TYPE = YES_ERROR;
				GCC_WARN_UNDECLARED_SELECTOR = YES;
				GCC_WARN_UNINITIALIZED_AUTOS = YES_AGGRESSIVE;
				GCC_WARN_UNUSED_FUNCTION = YES;
				GCC_WARN_UNUSED_VARIABLE = YES;
				IPHONEOS_DEPLOYMENT_TARGET = 17.0;
				LOCALIZATION_PREFERS_STRING_CATALOGS = YES;
				MTL_ENABLE_DEBUG_INFO = INCLUDE_SOURCE;
				MTL_FAST_MATH = YES;
				ONLY_ACTIVE_ARCH = YES;
				SDKROOT = iphoneos;
				SWIFT_ACTIVE_COMPILATION_CONDITIONS = "DEBUG $(inherited)";
				SWIFT_OPTIMIZATION_LEVEL = "-Onone";
				SWIFT_VERSION = 5.0;
				TARGETED_DEVICE_FAMILY = "1,2";
			};
			name = Debug;
		};
		D1D1D1D1D1D1D1D1D1D10042 /* Release */ = {
			isa = XCBuildConfiguration;
			buildSettings = {
				ALWAYS_SEARCH_USER_PATHS = NO;
				ASSETCATALOG_COMPILER_GENERATE_SWIFT_ASSET_SYMBOL_EXTENSIONS = YES;
				CLANG_ANALYZER_NONNULL = YES;
				CLANG_ANALYZER_NUMBER_OBJECT_CONVERSION = YES_AGGRESSIVE;
				CLANG_CXX_LANGUAGE_STANDARD = "gnu++20";
				CLANG_ENABLE_MODULES = YES;
				CLANG_ENABLE_OBJC_ARC = YES;
				CLANG_ENABLE_OBJC_WEAK = YES;
				CLANG_WARN_BLOCK_CAPTURE_AUTORELEASING = YES;
				CLANG_WARN_BOOL_CONVERSION = YES;
				CLANG_WARN_COMMA = YES;
				CLANG_WARN_CONSTANT_CONVERSION = YES;
				CLANG_WARN_DEPRECATED_OBJC_IMPLEMENTATIONS = YES;
				CLANG_WARN_DIRECT_OBJC_ISA_USAGE = YES_ERROR;
				CLANG_WARN_DOCUMENTATION_COMMENTS = YES;
				CLANG_WARN_EMPTY_BODY = YES;
				CLANG_WARN_ENUM_CONVERSION = YES;
				CLANG_WARN_INFINITE_RECURSION = YES;
				CLANG_WARN_INT_CONVERSION = YES;
				CLANG_WARN_NON_LITERAL_NULL_CONVERSION = YES;
				CLANG_WARN_OBJC_IMPLICIT_RETAIN_SELF = YES;
				CLANG_WARN_OBJC_LITERAL_CONVERSION = YES;
				CLANG_WARN_OBJC_ROOT_CLASS = YES_ERROR;
				CLANG_WARN_QUOTED_INCLUDE_IN_FRAMEWORK_HEADER = YES;
				CLANG_WARN_RANGE_LOOP_ANALYSIS = YES;
				CLANG_WARN_STRICT_PROTOTYPES = YES;
				CLANG_WARN_SUSPICIOUS_MOVE = YES;
				CLANG_WARN_UNGUARDED_AVAILABILITY = YES_AGGRESSIVE;
				CLANG_WARN_UNREACHABLE_CODE = YES;
				CLANG_WARN__DUPLICATE_METHOD_MATCH = YES;
				CODE_SIGN_STYLE = Automatic;
				COPY_PHASE_STRIP = NO;
				DEBUG_INFORMATION_FORMAT = "dwarf-with-dsym";
				DEVELOPMENT_TEAM = "";
				ENABLE_NS_ASSERTIONS = NO;
				ENABLE_STRICT_OBJC_MSGSEND = YES;
				ENABLE_USER_SCRIPT_SANDBOXING = YES;
				GCC_C_LANGUAGE_STANDARD = gnu17;
				GCC_NO_COMMON_BLOCKS = YES;
				GCC_WARN_64_TO_32_BIT_CONVERSION = YES;
				GCC_WARN_ABOUT_RETURN_TYPE = YES_ERROR;
				GCC_WARN_UNDECLARED_SELECTOR = YES;
				GCC_WARN_UNINITIALIZED_AUTOS = YES_AGGRESSIVE;
				GCC_WARN_UNUSED_FUNCTION = YES;
				GCC_WARN_UNUSED_VARIABLE = YES;
				IPHONEOS_DEPLOYMENT_TARGET = 17.0;
				LOCALIZATION_PREFERS_STRING_CATALOGS = YES;
				MTL_ENABLE_DEBUG_INFO = NO;
				MTL_FAST_MATH = YES;
				SDKROOT = iphoneos;
				SWIFT_COMPILATION_MODE = wholemodule;
				SWIFT_VERSION = 5.0;
				TARGETED_DEVICE_FAMILY = "1,2";
				VALIDATE_PRODUCT = YES;
			};
			name = Release;
		};
		D1D1D1D1D1D1D1D1D1D10043 /* Debug */ = {
			isa = XCBuildConfiguration;
			buildSettings = {
				ASSETCATALOG_COMPILER_APPICON_NAME = AppIcon;
				CODE_SIGN_ENTITLEMENTS = Day1/Day1.entitlements;
				CURRENT_PROJECT_VERSION = 1;
				ENABLE_PREVIEWS = YES;
				GENERATE_INFOPLIST_FILE = YES;
				INFOPLIST_KEY_CFBundleDisplayName = "Day 1";
				INFOPLIST_KEY_UIApplicationSceneManifest_Generation = YES;
				INFOPLIST_KEY_UIApplicationSupportsIndirectInputEvents = YES;
				INFOPLIST_KEY_UILaunchScreen_Generation = YES;
				INFOPLIST_KEY_UISupportedInterfaceOrientations = UIInterfaceOrientationPortrait;
				INFOPLIST_KEY_UISupportedInterfaceOrientations_iPad = "UIInterfaceOrientationPortrait UIInterfaceOrientationPortraitUpsideDown";
				LD_RUNPATH_SEARCH_PATHS = (
					"$(inherited)",
					"@executable_path/Frameworks",
				);
				MARKETING_VERSION = 1.0;
				PRODUCT_BUNDLE_IDENTIFIER = com.sinkrundown.day1;
				PRODUCT_NAME = "$(TARGET_NAME)";
				SWIFT_EMIT_LOC_STRINGS = YES;
			};
			name = Debug;
		};
		D1D1D1D1D1D1D1D1D1D10044 /* Release */ = {
			isa = XCBuildConfiguration;
			buildSettings = {
				ASSETCATALOG_COMPILER_APPICON_NAME = AppIcon;
				CODE_SIGN_ENTITLEMENTS = Day1/Day1.entitlements;
				CURRENT_PROJECT_VERSION = 1;
				ENABLE_PREVIEWS = YES;
				GENERATE_INFOPLIST_FILE = YES;
				INFOPLIST_KEY_CFBundleDisplayName = "Day 1";
				INFOPLIST_KEY_UIApplicationSceneManifest_Generation = YES;
				INFOPLIST_KEY_UIApplicationSupportsIndirectInputEvents = YES;
				INFOPLIST_KEY_UILaunchScreen_Generation = YES;
				INFOPLIST_KEY_UISupportedInterfaceOrientations = UIInterfaceOrientationPortrait;
				INFOPLIST_KEY_UISupportedInterfaceOrientations_iPad = "UIInterfaceOrientationPortrait UIInterfaceOrientationPortraitUpsideDown";
				LD_RUNPATH_SEARCH_PATHS = (
					"$(inherited)",
					"@executable_path/Frameworks",
				);
				MARKETING_VERSION = 1.0;
				PRODUCT_BUNDLE_IDENTIFIER = com.sinkrundown.day1;
				PRODUCT_NAME = "$(TARGET_NAME)";
				SWIFT_EMIT_LOC_STRINGS = YES;
			};
			name = Release;
		};
		D1D1D1D1D1D1D1D1D1D10045 /* Debug */ = {
			isa = XCBuildConfiguration;
			buildSettings = {
				CODE_SIGN_ENTITLEMENTS = Day1Widget/Day1Widget.entitlements;
				CURRENT_PROJECT_VERSION = 1;
				ENABLE_PREVIEWS = YES;
				GENERATE_INFOPLIST_FILE = YES;
				INFOPLIST_FILE = Day1Widget/Info.plist;
				INFOPLIST_KEY_CFBundleDisplayName = "Day 1";
				INFOPLIST_KEY_NSHumanReadableCopyright = "";
				LD_RUNPATH_SEARCH_PATHS = (
					"$(inherited)",
					"@executable_path/Frameworks",
					"@executable_path/../../Frameworks",
				);
				MARKETING_VERSION = 1.0;
				PRODUCT_BUNDLE_IDENTIFIER = com.sinkrundown.day1.widget;
				PRODUCT_NAME = "$(TARGET_NAME)";
				SKIP_INSTALL = YES;
				SWIFT_EMIT_LOC_STRINGS = YES;
			};
			name = Debug;
		};
		D1D1D1D1D1D1D1D1D1D10046 /* Release */ = {
			isa = XCBuildConfiguration;
			buildSettings = {
				CODE_SIGN_ENTITLEMENTS = Day1Widget/Day1Widget.entitlements;
				CURRENT_PROJECT_VERSION = 1;
				ENABLE_PREVIEWS = YES;
				GENERATE_INFOPLIST_FILE = YES;
				INFOPLIST_FILE = Day1Widget/Info.plist;
				INFOPLIST_KEY_CFBundleDisplayName = "Day 1";
				INFOPLIST_KEY_NSHumanReadableCopyright = "";
				LD_RUNPATH_SEARCH_PATHS = (
					"$(inherited)",
					"@executable_path/Frameworks",
					"@executable_path/../../Frameworks",
				);
				MARKETING_VERSION = 1.0;
				PRODUCT_BUNDLE_IDENTIFIER = com.sinkrundown.day1.widget;
				PRODUCT_NAME = "$(TARGET_NAME)";
				SKIP_INSTALL = YES;
				SWIFT_EMIT_LOC_STRINGS = YES;
			};
			name = Release;
		};
/* End XCBuildConfiguration section */

/* Begin XCConfigurationList section */
		D1D1D1D1D1D1D1D1D1D10031 /* Build configuration list for PBXProject "Day1" */ = {
			isa = XCConfigurationList;
			buildConfigurations = (
				D1D1D1D1D1D1D1D1D1D10041 /* Debug */,
				D1D1D1D1D1D1D1D1D1D10042 /* Release */,
			);
			defaultConfigurationIsVisible = 0;
			defaultConfigurationName = Release;
		};
		D1D1D1D1D1D1D1D1D1D10032 /* Build configuration list for PBXNativeTarget "Day1" */ = {
			isa = XCConfigurationList;
			buildConfigurations = (
				D1D1D1D1D1D1D1D1D1D10043 /* Debug */,
				D1D1D1D1D1D1D1D1D1D10044 /* Release */,
			);
			defaultConfigurationIsVisible = 0;
			defaultConfigurationName = Release;
		};
		D1D1D1D1D1D1D1D1D1D10033 /* Build configuration list for PBXNativeTarget "Day1WidgetExtension" */ = {
			isa = XCConfigurationList;
			buildConfigurations = (
				D1D1D1D1D1D1D1D1D1D10045 /* Debug */,
				D1D1D1D1D1D1D1D1D1D10046 /* Release */,
			);
			defaultConfigurationIsVisible = 0;
			defaultConfigurationName = Release;
		};
/* End XCConfigurationList section */

/* Begin XCLocalSwiftPackageReference section */
		D1D1D1D1D1D1D1D1D1D10081 /* XCLocalSwiftPackageReference "RoutineCore" */ = {
			isa = XCLocalSwiftPackageReference;
			relativePath = RoutineCore;
		};
/* End XCLocalSwiftPackageReference section */

/* Begin XCSwiftPackageProductDependency section */
		D1D1D1D1D1D1D1D1D1D10082 /* RoutineCore */ = {
			isa = XCSwiftPackageProductDependency;
			productName = RoutineCore;
		};
		D1D1D1D1D1D1D1D1D1D10083 /* RoutineCore */ = {
			isa = XCSwiftPackageProductDependency;
			productName = RoutineCore;
		};
/* End XCSwiftPackageProductDependency section */
	};
	rootObject = D1D1D1D1D1D1D1D1D1D10001 /* Project object */;
}
